PODS:
  - Flutter (1.0.0)
  - flutter_svprogresshud (0.0.1):
    - Flutter
    - SVProgressHUD
  - SVProgressHUD (2.2.5)

DEPENDENCIES:
  - Flutter (from `.symlinks/flutter/ios`)
  - flutter_svprogresshud (from `.symlinks/plugins/flutter_svprogresshud/ios`)

SPEC REPOS:
  https://github.com/cocoapods/specs.git:
    - SVProgressHUD

EXTERNAL SOURCES:
  Flutter:
    :path: ".symlinks/flutter/ios"
  flutter_svprogresshud:
    :path: ".symlinks/plugins/flutter_svprogresshud/ios"

SPEC CHECKSUMS:
  Flutter: 58dd7d1b27887414a370fcccb9e645c08ffd7a6a
  flutter_svprogresshud: e6198730e19ba7a4b473cd09e3b5b9a1b6aae508
  SVProgressHUD: 1428aafac632c1f86f62aa4243ec12008d7a51d6

PODFILE CHECKSUM: 7fb83752f59ead6285236625b82473f90b1cb932

COCOAPODS: 1.6.1
