PODS:
  - Flutter (1.0.0)
  - flutter_svprogresshud (0.0.1):
    - Flutter
    - SVProgressHUD
  - SVProgressHUD (2.2.5)

DEPENDENCIES:
  - Flutter (from `Flutter`)
  - flutter_svprogresshud (from `.symlinks/plugins/flutter_svprogresshud/ios`)

SPEC REPOS:
  trunk:
    - SVProgressHUD

EXTERNAL SOURCES:
  Flutter:
    :path: Flutter
  flutter_svprogresshud:
    :path: ".symlinks/plugins/flutter_svprogresshud/ios"

SPEC CHECKSUMS:
  Flutter: 0e3d915762c693b495b44d77113d4970485de6ec
  flutter_svprogresshud: b2059bda0f7edd03cf992bc98362faa7e47c431c
  SVProgressHUD: 1428aafac632c1f86f62aa4243ec12008d7a51d6

PODFILE CHECKSUM: f32fb4e7c14f8b3ca19a369d7be425dd9241af27

COCOAPODS: 1.9.1
