PODS:
  - flutter_svprogresshud (0.0.1):
    - FlutterMacOS
  - FlutterMacOS (1.0.0)

DEPENDENCIES:
  - flutter_svprogresshud (from `Flutter/ephemeral/.symlinks/plugins/flutter_svprogresshud/macos`)
  - FlutterMacOS (from `Flutter/ephemeral/.symlinks/flutter/darwin-x64`)

EXTERNAL SOURCES:
  flutter_svprogresshud:
    :path: Flutter/ephemeral/.symlinks/plugins/flutter_svprogresshud/macos
  FlutterMacOS:
    :path: Flutter/ephemeral/.symlinks/flutter/darwin-x64

SPEC CHECKSUMS:
  flutter_svprogresshud: c61095d4448db17c88b0f3363bc0a1d80c65f003
  FlutterMacOS: 15bea8a44d2fa024068daa0140371c020b4b6ff9

PODFILE CHECKSUM: d8ba9b3e9e93c62c74a660b46c6fcb09f03991a7

COCOAPODS: 1.6.1
